
Microsoft Visual Studio Solution File, Format Version 12.00
# Visual Studio Version 17
VisualStudioVersion = 17.1.32421.90
MinimumVisualStudioVersion = 10.0.40219.1
Project("{FAE04EC0-301F-11D3-BF4B-00C04F79EFBC}") = "CalculadoraConsoleAPP", "CalculadoraConsoleAPP\CalculadoraConsoleAPP.csproj", "{424C01A1-9741-43CB-8E4B-7F00AC1B2232}"
EndProject
Global
	GlobalSection(SolutionConfigurationPlatforms) = preSolution
		Debug|Any CPU = Debug|Any CPU
		Release|Any CPU = Release|Any CPU
	EndGlobalSection
	GlobalSection(ProjectConfigurationPlatforms) = postSolution
		{424C01A1-9741-43CB-8E4B-7F00AC1B2232}.Debug|Any CPU.ActiveCfg = Debug|Any CPU
		{424C01A1-9741-43CB-8E4B-7F00AC1B2232}.Debug|Any CPU.Build.0 = Debug|Any CPU
		{424C01A1-9741-43CB-8E4B-7F00AC1B2232}.Release|Any CPU.ActiveCfg = Release|Any CPU
		{424C01A1-9741-43CB-8E4B-7F00AC1B2232}.Release|Any CPU.Build.0 = Release|Any CPU
	EndGlobalSection
	GlobalSection(SolutionProperties) = preSolution
		HideSolutionNode = FALSE
	EndGlobalSection
	GlobalSection(ExtensibilityGlobals) = postSolution
		SolutionGuid = {61137068-4F57-4CCD-8445-1A775E10FD34}
	EndGlobalSection
EndGlobal
